<?xml version="1.0" encoding="utf-8"?>
<Project ToolsVersion="4.0" xmlns="http://schemas.microsoft.com/developer/msbuild/2003">
  <ItemGroup>
    <Filter Include="Source Files">
      <UniqueIdentifier>{4FC737F1-C7A5-4376-A066-2A32D752A2FF}</UniqueIdentifier>
      <Extensions>cpp;c;cc;cxx;c++;cppm;ixx;def;odl;idl;hpj;bat;asm;asmx</Extensions>
    </Filter>
    <Filter Include="Header Files">
      <UniqueIdentifier>{93995380-89BD-4b04-88EB-625FBE52EBFB}</UniqueIdentifier>
      <Extensions>h;hh;hpp;hxx;h++;hm;inl;inc;ipp;xsd</Extensions>
    </Filter>
    <Filter Include="Resource Files">
      <UniqueIdentifier>{67DA6AB6-F800-4c08-8B7A-83BB121AAD01}</UniqueIdentifier>
      <Extensions>rc;ico;cur;bmp;dlg;rc2;rct;bin;rgs;gif;jpg;jpeg;jpe;resx;tiff;tif;png;wav;mfcribbon-ms</Extensions>
    </Filter>
    <Filter Include="Source Files\ImGui">
      <UniqueIdentifier>{51b31c79-4748-4e67-b83b-85dc65b165b4}</UniqueIdentifier>
    </Filter>
    <Filter Include="Header Files\ImGui">
      <UniqueIdentifier>{a6fd7ff9-40cc-426b-820e-53c0ed91bcb7}</UniqueIdentifier>
    </Filter>
    <Filter Include="Header Files\UI Elements">
      <UniqueIdentifier>{59bb1cad-ee96-499a-9362-dab04a4e6e95}</UniqueIdentifier>
    </Filter>
    <Filter Include="Source Files\UI Elements">
      <UniqueIdentifier>{a4258d42-b693-4977-88d3-242a5ae38da7}</UniqueIdentifier>
    </Filter>
    <Filter Include="Header Files\Components">
      <UniqueIdentifier>{6b09800f-c055-43bb-aaf6-e30af009e9dd}</UniqueIdentifier>
    </Filter>
    <Filter Include="Header Files\Actors">
      <UniqueIdentifier>{bbbb29ff-c7e9-4143-b143-3f76d2968767}</UniqueIdentifier>
    </Filter>
    <Filter Include="Source Files\Components">
      <UniqueIdentifier>{67c86286-fd98-495b-9d6a-34f7ba7bfe53}</UniqueIdentifier>
    </Filter>
    <Filter Include="Source Files\Actors">
      <UniqueIdentifier>{1294f928-dc5d-4a2c-8672-63873013a5e2}</UniqueIdentifier>
    </Filter>
    <Filter Include="Header Files\Entt">
      <UniqueIdentifier>{0d09834c-7c38-4ac3-98f9-2ffe360c8bd9}</UniqueIdentifier>
    </Filter>
    <Filter Include="Source Files\Yaml-CPP">
      <UniqueIdentifier>{29e42774-6a0b-4f5b-adae-b6687ef43840}</UniqueIdentifier>
    </Filter>
    <Filter Include="Header Files\Utils">
      <UniqueIdentifier>{42d75016-f697-416a-a5ab-180d92e1df95}</UniqueIdentifier>
    </Filter>
    <Filter Include="Source Files\Platform">
      <UniqueIdentifier>{89c647b8-a2e0-491f-b958-0ba84a96ac4b}</UniqueIdentifier>
    </Filter>
    <Filter Include="Header Files\Engine">
      <UniqueIdentifier>{1abcd0ae-a03c-4b1e-8418-c1025a157885}</UniqueIdentifier>
    </Filter>
  </ItemGroup>
  <ItemGroup>
    <ClCompile Include="main.cpp">
      <Filter>Source Files</Filter>
    </ClCompile>
    <ClCompile Include="include\yaml-cpp-code\binary.cpp">
      <Filter>Source Files\Yaml-CPP</Filter>
    </ClCompile>
    <ClCompile Include="include\yaml-cpp-code\contrib\graphbuilder.cpp">
      <Filter>Source Files\Yaml-CPP</Filter>
    </ClCompile>
    <ClCompile Include="include\yaml-cpp-code\contrib\graphbuilderadapter.cpp">
      <Filter>Source Files\Yaml-CPP</Filter>
    </ClCompile>
    <ClCompile Include="include\yaml-cpp-code\convert.cpp">
      <Filter>Source Files\Yaml-CPP</Filter>
    </ClCompile>
    <ClCompile Include="include\yaml-cpp-code\depthguard.cpp">
      <Filter>Source Files\Yaml-CPP</Filter>
    </ClCompile>
    <ClCompile Include="include\yaml-cpp-code\directives.cpp">
      <Filter>Source Files\Yaml-CPP</Filter>
    </ClCompile>
    <ClCompile Include="include\yaml-cpp-code\emit.cpp">
      <Filter>Source Files\Yaml-CPP</Filter>
    </ClCompile>
    <ClCompile Include="include\yaml-cpp-code\emitfromevents.cpp">
      <Filter>Source Files\Yaml-CPP</Filter>
    </ClCompile>
    <ClCompile Include="include\yaml-cpp-code\emitter.cpp">
      <Filter>Source Files\Yaml-CPP</Filter>
    </ClCompile>
    <ClCompile Include="include\yaml-cpp-code\emitterstate.cpp">
      <Filter>Source Files\Yaml-CPP</Filter>
    </ClCompile>
    <ClCompile Include="include\yaml-cpp-code\emitterutils.cpp">
      <Filter>Source Files\Yaml-CPP</Filter>
    </ClCompile>
    <ClCompile Include="include\yaml-cpp-code\exceptions.cpp">
      <Filter>Source Files\Yaml-CPP</Filter>
    </ClCompile>
    <ClCompile Include="include\yaml-cpp-code\exp.cpp">
      <Filter>Source Files\Yaml-CPP</Filter>
    </ClCompile>
    <ClCompile Include="include\yaml-cpp-code\memory.cpp">
      <Filter>Source Files\Yaml-CPP</Filter>
    </ClCompile>
    <ClCompile Include="include\yaml-cpp-code\node.cpp">
      <Filter>Source Files\Yaml-CPP</Filter>
    </ClCompile>
    <ClCompile Include="include\yaml-cpp-code\nodebuilder.cpp">
      <Filter>Source Files\Yaml-CPP</Filter>
    </ClCompile>
    <ClCompile Include="include\yaml-cpp-code\nodeevents.cpp">
      <Filter>Source Files\Yaml-CPP</Filter>
    </ClCompile>
    <ClCompile Include="include\yaml-cpp-code\node_data.cpp">
      <Filter>Source Files\Yaml-CPP</Filter>
    </ClCompile>
    <ClCompile Include="include\yaml-cpp-code\null.cpp">
      <Filter>Source Files\Yaml-CPP</Filter>
    </ClCompile>
    <ClCompile Include="include\yaml-cpp-code\ostream_wrapper.cpp">
      <Filter>Source Files\Yaml-CPP</Filter>
    </ClCompile>
    <ClCompile Include="include\yaml-cpp-code\parse.cpp">
      <Filter>Source Files\Yaml-CPP</Filter>
    </ClCompile>
    <ClCompile Include="include\yaml-cpp-code\parser.cpp">
      <Filter>Source Files\Yaml-CPP</Filter>
    </ClCompile>
    <ClCompile Include="include\yaml-cpp-code\regex_yaml.cpp">
      <Filter>Source Files\Yaml-CPP</Filter>
    </ClCompile>
    <ClCompile Include="include\yaml-cpp-code\scanner.cpp">
      <Filter>Source Files\Yaml-CPP</Filter>
    </ClCompile>
    <ClCompile Include="include\yaml-cpp-code\scanscalar.cpp">
      <Filter>Source Files\Yaml-CPP</Filter>
    </ClCompile>
    <ClCompile Include="include\yaml-cpp-code\scantag.cpp">
      <Filter>Source Files\Yaml-CPP</Filter>
    </ClCompile>
    <ClCompile Include="include\yaml-cpp-code\scantoken.cpp">
      <Filter>Source Files\Yaml-CPP</Filter>
    </ClCompile>
    <ClCompile Include="include\yaml-cpp-code\simplekey.cpp">
      <Filter>Source Files\Yaml-CPP</Filter>
    </ClCompile>
    <ClCompile Include="include\yaml-cpp-code\singledocparser.cpp">
      <Filter>Source Files\Yaml-CPP</Filter>
    </ClCompile>
    <ClCompile Include="include\yaml-cpp-code\stream.cpp">
      <Filter>Source Files\Yaml-CPP</Filter>
    </ClCompile>
    <ClCompile Include="include\yaml-cpp-code\tag.cpp">
      <Filter>Source Files\Yaml-CPP</Filter>
    </ClCompile>
    <ClCompile Include="include\imgui\imgui_stdlib.cpp">
      <Filter>Source Files\ImGui</Filter>
    </ClCompile>
    <ClCompile Include="include\imgui\imgui_tables.cpp">
      <Filter>Source Files\ImGui</Filter>
    </ClCompile>
    <ClCompile Include="include\imgui\imgui_widgets.cpp">
      <Filter>Source Files\ImGui</Filter>
    </ClCompile>
    <ClCompile Include="include\imgui\imgui-SFML.cpp">
      <Filter>Source Files\ImGui</Filter>
    </ClCompile>
    <ClCompile Include="include\imgui\imgui.cpp">
      <Filter>Source Files\ImGui</Filter>
    </ClCompile>
    <ClCompile Include="include\imgui\imgui_draw.cpp">
      <Filter>Source Files\ImGui</Filter>
    </ClCompile>
    <ClCompile Include="Source\Engine\Actor.cpp">
      <Filter>Source Files</Filter>
    </ClCompile>
    <ClCompile Include="Source\Engine\GameWindow.cpp">
      <Filter>Source Files</Filter>
    </ClCompile>
    <ClCompile Include="Source\Engine\Global.cpp">
      <Filter>Source Files</Filter>
    </ClCompile>
    <ClCompile Include="Source\Engine\Renderer.cpp">
      <Filter>Source Files</Filter>
    </ClCompile>
    <ClCompile Include="Source\Engine\Scene.cpp">
      <Filter>Source Files</Filter>
    </ClCompile>
    <ClCompile Include="Source\Engine\SceneSerializer.cpp">
      <Filter>Source Files</Filter>
    </ClCompile>
    <ClCompile Include="Source\Utils\EditorColorPicker.cpp">
      <Filter>Source Files</Filter>
    </ClCompile>
    <ClCompile Include="Source\Utils\EditorColorScheme.cpp">
      <Filter>Source Files</Filter>
    </ClCompile>
    <ClCompile Include="Source\UI\ImGuiElement.cpp">
      <Filter>Source Files\UI Elements</Filter>
    </ClCompile>
    <ClCompile Include="Source\UI\UIHierarchy.cpp">
      <Filter>Source Files\UI Elements</Filter>
    </ClCompile>
    <ClCompile Include="Source\UI\UIViewport.cpp">
      <Filter>Source Files\UI Elements</Filter>
    </ClCompile>
    <ClCompile Include="Source\Utils\WindowsPlatformUtils.cpp">
      <Filter>Source Files\Platform</Filter>
    </ClCompile>
    <ClCompile Include="Source\Engine\EditorCamera.cpp">
      <Filter>Source Files</Filter>
    </ClCompile>
    <ClCompile Include="Source\Engine\EditorLayer.cpp">
      <Filter>Source Files</Filter>
    </ClCompile>
    <ClCompile Include="Source\Engine\HPUUID.cpp">
      <Filter>Source Files</Filter>
    </ClCompile>
    <ClCompile Include="Source\Scripts\CameraController.cpp">
      <Filter>Source Files</Filter>
    </ClCompile>
    <ClCompile Include="Source\Engine\ScriptableLuaActor.cpp">
      <Filter>Source Files</Filter>
    </ClCompile>
    <ClCompile Include="Source\Engine\LuaEngine.cpp">
      <Filter>Source Files</Filter>
    </ClCompile>
    <ClCompile Include="Source\Scripts\TileMapCollisionScript.cpp">
      <Filter>Source Files</Filter>
    </ClCompile>
  </ItemGroup>
  <ItemGroup>
    <ClInclude Include="include\entt\entt.hpp">
      <Filter>Header Files\Entt</Filter>
    </ClInclude>
    <ClInclude Include="include\yaml-cpp-code\collectionstack.h">
      <Filter>Source Files\Yaml-CPP</Filter>
    </ClInclude>
    <ClInclude Include="include\yaml-cpp-code\contrib\graphbuilderadapter.h">
      <Filter>Source Files\Yaml-CPP</Filter>
    </ClInclude>
    <ClInclude Include="include\yaml-cpp-code\directives.h">
      <Filter>Source Files\Yaml-CPP</Filter>
    </ClInclude>
    <ClInclude Include="include\yaml-cpp-code\emitterstate.h">
      <Filter>Source Files\Yaml-CPP</Filter>
    </ClInclude>
    <ClInclude Include="include\yaml-cpp-code\emitterutils.h">
      <Filter>Source Files\Yaml-CPP</Filter>
    </ClInclude>
    <ClInclude Include="include\yaml-cpp-code\exp.h">
      <Filter>Source Files\Yaml-CPP</Filter>
    </ClInclude>
    <ClInclude Include="include\yaml-cpp-code\indentation.h">
      <Filter>Source Files\Yaml-CPP</Filter>
    </ClInclude>
    <ClInclude Include="include\yaml-cpp-code\nodebuilder.h">
      <Filter>Source Files\Yaml-CPP</Filter>
    </ClInclude>
    <ClInclude Include="include\yaml-cpp-code\nodeevents.h">
      <Filter>Source Files\Yaml-CPP</Filter>
    </ClInclude>
    <ClInclude Include="include\yaml-cpp-code\ptr_vector.h">
      <Filter>Source Files\Yaml-CPP</Filter>
    </ClInclude>
    <ClInclude Include="include\yaml-cpp-code\regeximpl.h">
      <Filter>Source Files\Yaml-CPP</Filter>
    </ClInclude>
    <ClInclude Include="include\yaml-cpp-code\regex_yaml.h">
      <Filter>Source Files\Yaml-CPP</Filter>
    </ClInclude>
    <ClInclude Include="include\yaml-cpp-code\scanner.h">
      <Filter>Source Files\Yaml-CPP</Filter>
    </ClInclude>
    <ClInclude Include="include\yaml-cpp-code\scanscalar.h">
      <Filter>Source Files\Yaml-CPP</Filter>
    </ClInclude>
    <ClInclude Include="include\yaml-cpp-code\scantag.h">
      <Filter>Source Files\Yaml-CPP</Filter>
    </ClInclude>
    <ClInclude Include="include\yaml-cpp-code\setting.h">
      <Filter>Source Files\Yaml-CPP</Filter>
    </ClInclude>
    <ClInclude Include="include\yaml-cpp-code\singledocparser.h">
      <Filter>Source Files\Yaml-CPP</Filter>
    </ClInclude>
    <ClInclude Include="include\yaml-cpp-code\stream.h">
      <Filter>Source Files\Yaml-CPP</Filter>
    </ClInclude>
    <ClInclude Include="include\yaml-cpp-code\streamcharsource.h">
      <Filter>Source Files\Yaml-CPP</Filter>
    </ClInclude>
    <ClInclude Include="include\yaml-cpp-code\stringsource.h">
      <Filter>Source Files\Yaml-CPP</Filter>
    </ClInclude>
    <ClInclude Include="include\yaml-cpp-code\tag.h">
      <Filter>Source Files\Yaml-CPP</Filter>
    </ClInclude>
    <ClInclude Include="include\yaml-cpp-code\token.h">
      <Filter>Source Files\Yaml-CPP</Filter>
    </ClInclude>
    <ClInclude Include="Source\Components\Components.h">
      <Filter>Header Files\Components</Filter>
    </ClInclude>
    <ClInclude Include="Source\Engine\Renderer.h">
      <Filter>Header Files\Engine</Filter>
    </ClInclude>
    <ClInclude Include="Source\Engine\SceneSerializer.h">
      <Filter>Header Files\Engine</Filter>
    </ClInclude>
    <ClInclude Include="Source\Engine\GameWindow.h">
      <Filter>Header Files\Engine</Filter>
    </ClInclude>
    <ClInclude Include="Source\Engine\Actor.h">
      <Filter>Header Files\Engine</Filter>
    </ClInclude>
    <ClInclude Include="Source\Engine\Scene.h">
      <Filter>Header Files\Engine</Filter>
    </ClInclude>
    <ClInclude Include="Source\Engine\Global.h">
      <Filter>Header Files\Engine</Filter>
    </ClInclude>
    <ClInclude Include="Source\Engine\Engine.h">
      <Filter>Header Files\Engine</Filter>
    </ClInclude>
    <ClInclude Include="Source\UI\UIHierarchy.h">
      <Filter>Header Files\UI Elements</Filter>
    </ClInclude>
    <ClInclude Include="Source\UI\UIViewport.h">
      <Filter>Header Files\UI Elements</Filter>
    </ClInclude>
    <ClInclude Include="Source\UI\ImGuiElement.h">
      <Filter>Header Files\UI Elements</Filter>
    </ClInclude>
    <ClInclude Include="Source\Utils\EditorColorPicker.h">
      <Filter>Header Files\Utils</Filter>
    </ClInclude>
    <ClInclude Include="Source\Utils\EditorColorScheme.h">
      <Filter>Header Files\Utils</Filter>
    </ClInclude>
    <ClInclude Include="Source\Utils\PlatformUtils.h">
      <Filter>Header Files\Utils</Filter>
    </ClInclude>
    <ClInclude Include="Source\Engine\EditorCamera.h">
      <Filter>Header Files</Filter>
    </ClInclude>
    <ClInclude Include="Source\Engine\EditorLayer.h">
      <Filter>Header Files</Filter>
    </ClInclude>
    <ClInclude Include="Source\Engine\HPUUID.h">
      <Filter>Header Files</Filter>
    </ClInclude>
    <ClInclude Include="Source\Engine\ScriptableActor.h">
      <Filter>Header Files</Filter>
    </ClInclude>
    <ClInclude Include="Source\Scripts\CameraController.h">
      <Filter>Header Files</Filter>
    </ClInclude>
    <ClInclude Include="Source\Engine\ScriptableLuaActor.h">
      <Filter>Header Files</Filter>
    </ClInclude>
    <ClInclude Include="Source\Engine\LuaEngine.h">
      <Filter>Header Files</Filter>
    </ClInclude>
    <ClInclude Include="Source\Components\LuaBindings.h">
      <Filter>Header Files</Filter>
    </ClInclude>
    <ClInclude Include="Source\Scripts\TileMapCollisionScript.h">
      <Filter>Header Files</Filter>
    </ClInclude>
  </ItemGroup>
</Project>